
Microsoft Visual Studio Solution File, Format Version 12.00
# Visual Studio Version 16
VisualStudioVersion = 16.0.30011.22
MinimumVisualStudioVersion = 10.0.40219.1
Project("{FAE04EC0-301F-11D3-BF4B-00C04F79EFBC}") = "acd7", "acd7\acd7.csproj", "{777163F0-3B8C-48D9-B252-17B14DAF16A5}"
EndProject
Project("{8BC9CEB8-8B4A-11D0-8D11-00A0C91BC942}") = "acd7_c++", "acd7_c++\acd7_c++.vcxproj", "{3DA38285-0956-4BBF-955C-0F2C17C756D2}"
EndProject
Global
	GlobalSection(SolutionConfigurationPlatforms) = preSolution
		Debug|Any CPU = Debug|Any CPU
		Debug|x64 = Debug|x64
		Debug|x86 = Debug|x86
		Release|Any CPU = Release|Any CPU
		Release|x64 = Release|x64
		Release|x86 = Release|x86
	EndGlobalSection
	GlobalSection(ProjectConfigurationPlatforms) = postSolution
		{777163F0-3B8C-48D9-B252-17B14DAF16A5}.Debug|Any CPU.ActiveCfg = Debug|Any CPU
		{777163F0-3B8C-48D9-B252-17B14DAF16A5}.Debug|Any CPU.Build.0 = Debug|Any CPU
		{777163F0-3B8C-48D9-B252-17B14DAF16A5}.Debug|x64.ActiveCfg = Debug|Any CPU
		{777163F0-3B8C-48D9-B252-17B14DAF16A5}.Debug|x64.Build.0 = Debug|Any CPU
		{777163F0-3B8C-48D9-B252-17B14DAF16A5}.Debug|x86.ActiveCfg = Debug|Any CPU
		{777163F0-3B8C-48D9-B252-17B14DAF16A5}.Debug|x86.Build.0 = Debug|Any CPU
		{777163F0-3B8C-48D9-B252-17B14DAF16A5}.Release|Any CPU.ActiveCfg = Release|Any CPU
		{777163F0-3B8C-48D9-B252-17B14DAF16A5}.Release|Any CPU.Build.0 = Release|Any CPU
		{777163F0-3B8C-48D9-B252-17B14DAF16A5}.Release|x64.ActiveCfg = Release|Any CPU
		{777163F0-3B8C-48D9-B252-17B14DAF16A5}.Release|x64.Build.0 = Release|Any CPU
		{777163F0-3B8C-48D9-B252-17B14DAF16A5}.Release|x86.ActiveCfg = Release|Any CPU
		{777163F0-3B8C-48D9-B252-17B14DAF16A5}.Release|x86.Build.0 = Release|Any CPU
		{3DA38285-0956-4BBF-955C-0F2C17C756D2}.Debug|Any CPU.ActiveCfg = Debug|Win32
		{3DA38285-0956-4BBF-955C-0F2C17C756D2}.Debug|x64.ActiveCfg = Debug|x64
		{3DA38285-0956-4BBF-955C-0F2C17C756D2}.Debug|x64.Build.0 = Debug|x64
		{3DA38285-0956-4BBF-955C-0F2C17C756D2}.Debug|x86.ActiveCfg = Debug|Win32
		{3DA38285-0956-4BBF-955C-0F2C17C756D2}.Debug|x86.Build.0 = Debug|Win32
		{3DA38285-0956-4BBF-955C-0F2C17C756D2}.Release|Any CPU.ActiveCfg = Release|Win32
		{3DA38285-0956-4BBF-955C-0F2C17C756D2}.Release|x64.ActiveCfg = Release|x64
		{3DA38285-0956-4BBF-955C-0F2C17C756D2}.Release|x64.Build.0 = Release|x64
		{3DA38285-0956-4BBF-955C-0F2C17C756D2}.Release|x86.ActiveCfg = Release|Win32
		{3DA38285-0956-4BBF-955C-0F2C17C756D2}.Release|x86.Build.0 = Release|Win32
	EndGlobalSection
	GlobalSection(SolutionProperties) = preSolution
		HideSolutionNode = FALSE
	EndGlobalSection
	GlobalSection(ExtensibilityGlobals) = postSolution
		SolutionGuid = {5F4950BD-A58C-41DA-9679-C86EF3553EC6}
	EndGlobalSection
EndGlobal
