
Microsoft Visual Studio Solution File, Format Version 12.00
# Visual Studio Version 16
VisualStudioVersion = 16.0.29215.179
MinimumVisualStudioVersion = 10.0.40219.1
Project("{FAE04EC0-301F-11D3-BF4B-00C04F79EFBC}") = "acd3_C", "acd3_C\acd3_C.csproj", "{DD9CCE3F-D8F7-47D2-9A40-0CC2FC8FAA36}"
EndProject
Global
	GlobalSection(SolutionConfigurationPlatforms) = preSolution
		Debug|Any CPU = Debug|Any CPU
		Release|Any CPU = Release|Any CPU
	EndGlobalSection
	GlobalSection(ProjectConfigurationPlatforms) = postSolution
		{DD9CCE3F-D8F7-47D2-9A40-0CC2FC8FAA36}.Debug|Any CPU.ActiveCfg = Debug|Any CPU
		{DD9CCE3F-D8F7-47D2-9A40-0CC2FC8FAA36}.Debug|Any CPU.Build.0 = Debug|Any CPU
		{DD9CCE3F-D8F7-47D2-9A40-0CC2FC8FAA36}.Release|Any CPU.ActiveCfg = Release|Any CPU
		{DD9CCE3F-D8F7-47D2-9A40-0CC2FC8FAA36}.Release|Any CPU.Build.0 = Release|Any CPU
	EndGlobalSection
	GlobalSection(SolutionProperties) = preSolution
		HideSolutionNode = FALSE
	EndGlobalSection
	GlobalSection(ExtensibilityGlobals) = postSolution
		SolutionGuid = {B0A1B74D-DC8D-4FC7-A59F-A773C58A248E}
	EndGlobalSection
EndGlobal
