
Microsoft Visual Studio Solution File, Format Version 12.00
# Visual Studio Version 16
VisualStudioVersion = 16.0.29215.179
MinimumVisualStudioVersion = 10.0.40219.1
Project("{FAE04EC0-301F-11D3-BF4B-00C04F79EFBC}") = "acd2_c", "acd2_c\acd2_c.csproj", "{658C696B-357D-442F-AC73-91C0192F7CE1}"
EndProject
Project("{8BC9CEB8-8B4A-11D0-8D11-00A0C91BC942}") = "acd2_c++", "acd2_c++\acd2_c++.vcxproj", "{4274FCCB-6D4E-4B04-86CE-A5159E75BFA3}"
EndProject
Global
	GlobalSection(SolutionConfigurationPlatforms) = preSolution
		Debug|Any CPU = Debug|Any CPU
		Debug|x64 = Debug|x64
		Debug|x86 = Debug|x86
		Release|Any CPU = Release|Any CPU
		Release|x64 = Release|x64
		Release|x86 = Release|x86
	EndGlobalSection
	GlobalSection(ProjectConfigurationPlatforms) = postSolution
		{658C696B-357D-442F-AC73-91C0192F7CE1}.Debug|Any CPU.ActiveCfg = Debug|Any CPU
		{658C696B-357D-442F-AC73-91C0192F7CE1}.Debug|Any CPU.Build.0 = Debug|Any CPU
		{658C696B-357D-442F-AC73-91C0192F7CE1}.Debug|x64.ActiveCfg = Debug|Any CPU
		{658C696B-357D-442F-AC73-91C0192F7CE1}.Debug|x64.Build.0 = Debug|Any CPU
		{658C696B-357D-442F-AC73-91C0192F7CE1}.Debug|x86.ActiveCfg = Debug|Any CPU
		{658C696B-357D-442F-AC73-91C0192F7CE1}.Debug|x86.Build.0 = Debug|Any CPU
		{658C696B-357D-442F-AC73-91C0192F7CE1}.Release|Any CPU.ActiveCfg = Release|Any CPU
		{658C696B-357D-442F-AC73-91C0192F7CE1}.Release|Any CPU.Build.0 = Release|Any CPU
		{658C696B-357D-442F-AC73-91C0192F7CE1}.Release|x64.ActiveCfg = Release|Any CPU
		{658C696B-357D-442F-AC73-91C0192F7CE1}.Release|x64.Build.0 = Release|Any CPU
		{658C696B-357D-442F-AC73-91C0192F7CE1}.Release|x86.ActiveCfg = Release|Any CPU
		{658C696B-357D-442F-AC73-91C0192F7CE1}.Release|x86.Build.0 = Release|Any CPU
		{4274FCCB-6D4E-4B04-86CE-A5159E75BFA3}.Debug|Any CPU.ActiveCfg = Debug|Win32
		{4274FCCB-6D4E-4B04-86CE-A5159E75BFA3}.Debug|x64.ActiveCfg = Debug|x64
		{4274FCCB-6D4E-4B04-86CE-A5159E75BFA3}.Debug|x64.Build.0 = Debug|x64
		{4274FCCB-6D4E-4B04-86CE-A5159E75BFA3}.Debug|x86.ActiveCfg = Debug|Win32
		{4274FCCB-6D4E-4B04-86CE-A5159E75BFA3}.Debug|x86.Build.0 = Debug|Win32
		{4274FCCB-6D4E-4B04-86CE-A5159E75BFA3}.Release|Any CPU.ActiveCfg = Release|Win32
		{4274FCCB-6D4E-4B04-86CE-A5159E75BFA3}.Release|x64.ActiveCfg = Release|x64
		{4274FCCB-6D4E-4B04-86CE-A5159E75BFA3}.Release|x64.Build.0 = Release|x64
		{4274FCCB-6D4E-4B04-86CE-A5159E75BFA3}.Release|x86.ActiveCfg = Release|Win32
		{4274FCCB-6D4E-4B04-86CE-A5159E75BFA3}.Release|x86.Build.0 = Release|Win32
	EndGlobalSection
	GlobalSection(SolutionProperties) = preSolution
		HideSolutionNode = FALSE
	EndGlobalSection
	GlobalSection(ExtensibilityGlobals) = postSolution
		SolutionGuid = {054AF8E7-4CC6-4ECD-A245-14786040ED8A}
	EndGlobalSection
EndGlobal
